
Microsoft Visual Studio Solution File, Format Version 12.00
# Visual Studio 15
VisualStudioVersion = 15.0.28307.757
MinimumVisualStudioVersion = 10.0.40219.1
Project("{FAE04EC0-301F-11D3-BF4B-00C04F79EFBC}") = "EF_JURADO", "EF_JURADO\EF_JURADO.csproj", "{282CCE07-DFA2-414E-AAB4-1A921DE6347D}"
EndProject
Project("{2150E333-8FDC-42A3-9474-1A3956D46DE8}") = "1_Presentacion", "1_Presentacion", "{27E4D4C8-2323-4F0D-BD51-B4A6DC8C490E}"
EndProject
Project("{2150E333-8FDC-42A3-9474-1A3956D46DE8}") = "2_Servicios", "2_Servicios", "{C866F7B9-0B87-4578-B944-0262A61DEE47}"
EndProject
Project("{2150E333-8FDC-42A3-9474-1A3956D46DE8}") = "3_Dominio", "3_Dominio", "{42D561B6-56DB-4C50-9C45-53208837E55A}"
EndProject
Project("{2150E333-8FDC-42A3-9474-1A3956D46DE8}") = "4_Infraestructura", "4_Infraestructura", "{B4F902FE-A51F-467F-88DE-016B241EF506}"
EndProject
Project("{2150E333-8FDC-42A3-9474-1A3956D46DE8}") = "Web", "Web", "{906E2421-F040-4FCC-9342-8494426E5BE8}"
EndProject
Project("{2150E333-8FDC-42A3-9474-1A3956D46DE8}") = "ASP.NET MVC", "ASP.NET MVC", "{CB3051C4-2D29-4CE0-860E-7BB669AE6CB5}"
EndProject
Project("{2150E333-8FDC-42A3-9474-1A3956D46DE8}") = "Core", "Core", "{C4DC945D-4593-4A9D-ADEA-19E2E10A259C}"
EndProject
Project("{2150E333-8FDC-42A3-9474-1A3956D46DE8}") = "Main Module", "Main Module", "{8657B2F3-A99C-4F62-804B-8A7AC1B2522D}"
EndProject
Project("{2150E333-8FDC-42A3-9474-1A3956D46DE8}") = "Data", "Data", "{8949119D-A91E-4FE7-ACDC-F89BEF9EB5DB}"
EndProject
Project("{FAE04EC0-301F-11D3-BF4B-00C04F79EFBC}") = "Dominio.Core.Entities", "Dominio.Core.Entities\Dominio.Core.Entities.csproj", "{8A29C173-F787-472C-BA02-B445F1DCEA4A}"
EndProject
Project("{FAE04EC0-301F-11D3-BF4B-00C04F79EFBC}") = "Infraestructura.Data.SqlServer", "Infraestructura.Data.SqlServer\Infraestructura.Data.SqlServer.csproj", "{2F6B35E8-B201-4AA9-B75D-2B3414016766}"
EndProject
Project("{FAE04EC0-301F-11D3-BF4B-00C04F79EFBC}") = "Dominio.MainModule", "Dominio.MainModule\Dominio.MainModule.csproj", "{CD3AEE1D-D110-485D-B159-F85865E532E9}"
EndProject
Global
	GlobalSection(SolutionConfigurationPlatforms) = preSolution
		Debug|Any CPU = Debug|Any CPU
		Release|Any CPU = Release|Any CPU
	EndGlobalSection
	GlobalSection(ProjectConfigurationPlatforms) = postSolution
		{282CCE07-DFA2-414E-AAB4-1A921DE6347D}.Debug|Any CPU.ActiveCfg = Debug|Any CPU
		{282CCE07-DFA2-414E-AAB4-1A921DE6347D}.Debug|Any CPU.Build.0 = Debug|Any CPU
		{282CCE07-DFA2-414E-AAB4-1A921DE6347D}.Release|Any CPU.ActiveCfg = Release|Any CPU
		{282CCE07-DFA2-414E-AAB4-1A921DE6347D}.Release|Any CPU.Build.0 = Release|Any CPU
		{8A29C173-F787-472C-BA02-B445F1DCEA4A}.Debug|Any CPU.ActiveCfg = Debug|Any CPU
		{8A29C173-F787-472C-BA02-B445F1DCEA4A}.Debug|Any CPU.Build.0 = Debug|Any CPU
		{8A29C173-F787-472C-BA02-B445F1DCEA4A}.Release|Any CPU.ActiveCfg = Release|Any CPU
		{8A29C173-F787-472C-BA02-B445F1DCEA4A}.Release|Any CPU.Build.0 = Release|Any CPU
		{2F6B35E8-B201-4AA9-B75D-2B3414016766}.Debug|Any CPU.ActiveCfg = Debug|Any CPU
		{2F6B35E8-B201-4AA9-B75D-2B3414016766}.Debug|Any CPU.Build.0 = Debug|Any CPU
		{2F6B35E8-B201-4AA9-B75D-2B3414016766}.Release|Any CPU.ActiveCfg = Release|Any CPU
		{2F6B35E8-B201-4AA9-B75D-2B3414016766}.Release|Any CPU.Build.0 = Release|Any CPU
		{CD3AEE1D-D110-485D-B159-F85865E532E9}.Debug|Any CPU.ActiveCfg = Debug|Any CPU
		{CD3AEE1D-D110-485D-B159-F85865E532E9}.Debug|Any CPU.Build.0 = Debug|Any CPU
		{CD3AEE1D-D110-485D-B159-F85865E532E9}.Release|Any CPU.ActiveCfg = Release|Any CPU
		{CD3AEE1D-D110-485D-B159-F85865E532E9}.Release|Any CPU.Build.0 = Release|Any CPU
	EndGlobalSection
	GlobalSection(SolutionProperties) = preSolution
		HideSolutionNode = FALSE
	EndGlobalSection
	GlobalSection(NestedProjects) = preSolution
		{282CCE07-DFA2-414E-AAB4-1A921DE6347D} = {CB3051C4-2D29-4CE0-860E-7BB669AE6CB5}
		{906E2421-F040-4FCC-9342-8494426E5BE8} = {27E4D4C8-2323-4F0D-BD51-B4A6DC8C490E}
		{CB3051C4-2D29-4CE0-860E-7BB669AE6CB5} = {906E2421-F040-4FCC-9342-8494426E5BE8}
		{C4DC945D-4593-4A9D-ADEA-19E2E10A259C} = {42D561B6-56DB-4C50-9C45-53208837E55A}
		{8657B2F3-A99C-4F62-804B-8A7AC1B2522D} = {42D561B6-56DB-4C50-9C45-53208837E55A}
		{8949119D-A91E-4FE7-ACDC-F89BEF9EB5DB} = {B4F902FE-A51F-467F-88DE-016B241EF506}
		{8A29C173-F787-472C-BA02-B445F1DCEA4A} = {C4DC945D-4593-4A9D-ADEA-19E2E10A259C}
		{2F6B35E8-B201-4AA9-B75D-2B3414016766} = {8949119D-A91E-4FE7-ACDC-F89BEF9EB5DB}
		{CD3AEE1D-D110-485D-B159-F85865E532E9} = {8657B2F3-A99C-4F62-804B-8A7AC1B2522D}
	EndGlobalSection
	GlobalSection(ExtensibilityGlobals) = postSolution
		SolutionGuid = {FF9F3435-C7F6-4830-8F23-006CA67F21EA}
	EndGlobalSection
EndGlobal
